<Solution>
  <Folder Name="/gateway/">
    <Project Path="gateway/Gateway/Gateway.csproj" />
  </Folder>
  <Folder Name="/services/">
    <Project Path="services/AuditService/AuditService.csproj" />
    <Project Path="services/CrawlerService/CrawlerService.csproj" />
    <Project Path="services/IdentityService/IdentityService.csproj" />
    <Project Path="services/KeywordResearchService/KeywordResearchService.csproj" />
    <Project Path="services/NotificationService/NotificationService.csproj" />
    <Project Path="services/ProjectService/ProjectService.csproj" />
    <Project Path="services/RankTrackingService/RankTrackingService.csproj" />
    <Project Path="services/SchedulerService/SchedulerService.csproj" />
    <Project Path="services/SeoAuditService/SeoAuditService.csproj" />
  </Folder>
  <Folder Name="/shared/">
    <Project Path="shared/BuildingBlocks/BuildingBlocks.csproj" />
    <Project Path="shared/Contracts/Contracts.csproj" />
    <Project Path="shared/SharedKernel/SharedKernel.csproj" />
  </Folder>
</Solution>
